{
  "name": "BeSafeHackathon",
  "lockfileVersion": 3,
  "requires": true,
  "packages": {
    "": {
      "dependencies": {
        "framer-motion": "^12.26.1",
        "node-cron": "^4.2.1",
        "nodemailer": "^7.0.12"
      }
    },
    "node_modules/framer-motion": {
      "version": "12.26.1",
      "resolved": "https://registry.npmjs.org/framer-motion/-/framer-motion-12.26.1.tgz",
      "integrity": "sha512-Uzc8wGldU4FpmGotthjjcj0SZhigcODjqvKT7lzVZHsmYkzQMFfMIv0vHQoXCeoe/Ahxqp4by4A6QbzFA/lblw==",
      "license": "MIT",
      "dependencies": {
        "motion-dom": "^12.24.11",
        "motion-utils": "^12.24.10",
        "tslib": "^2.4.0"
      },
      "peerDependencies": {
        "@emotion/is-prop-valid": "*",
        "react": "^18.0.0 || ^19.0.0",
        "react-dom": "^18.0.0 || ^19.0.0"
      },
      "peerDependenciesMeta": {
        "@emotion/is-prop-valid": {
          "optional": true
        },
        "react": {
          "optional": true
        },
        "react-dom": {
          "optional": true
        }
      }
    },
    "node_modules/motion-dom": {
      "version": "12.24.11",
      "resolved": "https://registry.npmjs.org/motion-dom/-/motion-dom-12.24.11.tgz",
      "integrity": "sha512-DlWOmsXMJrV8lzZyd+LKjG2CXULUs++bkq8GZ2Sr0R0RRhs30K2wtY+LKiTjhmJU3W61HK+rB0GLz6XmPvTA1A==",
      "license": "MIT",
      "dependencies": {
        "motion-utils": "^12.24.10"
      }
    },
    "node_modules/motion-utils": {
      "version": "12.24.10",
      "resolved": "https://registry.npmjs.org/motion-utils/-/motion-utils-12.24.10.tgz",
      "integrity": "sha512-x5TFgkCIP4pPsRLpKoI86jv/q8t8FQOiM/0E8QKBzfMozWHfkKap2gA1hOki+B5g3IsBNpxbUnfOum1+dgvYww==",
      "license": "MIT"
    },
    "node_modules/node-cron": {
      "version": "4.2.1",
      "resolved": "https://registry.npmjs.org/node-cron/-/node-cron-4.2.1.tgz",
      "integrity": "sha512-lgimEHPE/QDgFlywTd8yTR61ptugX3Qer29efeyWw2rv259HtGBNn1vZVmp8lB9uo9wC0t/AT4iGqXxia+CJFg==",
      "license": "ISC",
      "engines": {
        "node": ">=6.0.0"
      }
    },
    "node_modules/nodemailer": {
      "version": "7.0.12",
      "resolved": "https://registry.npmjs.org/nodemailer/-/nodemailer-7.0.12.tgz",
      "integrity": "sha512-H+rnK5bX2Pi/6ms3sN4/jRQvYSMltV6vqup/0SFOrxYYY/qoNvhXPlYq3e+Pm9RFJRwrMGbMIwi81M4dxpomhA==",
      "license": "MIT-0",
      "engines": {
        "node": ">=6.0.0"
      }
    },
    "node_modules/tslib": {
      "version": "2.8.1",
      "resolved": "https://registry.npmjs.org/tslib/-/tslib-2.8.1.tgz",
      "integrity": "sha512-oJFu94HQb+KVduSUQL7wnpmqnfmLsOA/nAh6b6EH0wCEoK0/mPeXU6c3wKDV83MkOuHPRHtSXKKU99IBazS/2w==",
      "license": "0BSD"
    }
  }
}
